
Microsoft Visual Studio Solution File, Format Version 12.00
# Visual Studio 15
VisualStudioVersion = 15.0.28010.2016
MinimumVisualStudioVersion = 10.0.40219.1
Project("{FAE04EC0-301F-11D3-BF4B-00C04F79EFBC}") = "Week 1 Apps", "Week 1 Apps\Week 1 Apps.csproj", "{F80ACE4E-78BF-4CD4-8F72-E681793857B4}"
EndProject
Global
	GlobalSection(SolutionConfigurationPlatforms) = preSolution
		Debug|Any CPU = Debug|Any CPU
		Release|Any CPU = Release|Any CPU
	EndGlobalSection
	GlobalSection(ProjectConfigurationPlatforms) = postSolution
		{F80ACE4E-78BF-4CD4-8F72-E681793857B4}.Debug|Any CPU.ActiveCfg = Debug|Any CPU
		{F80ACE4E-78BF-4CD4-8F72-E681793857B4}.Debug|Any CPU.Build.0 = Debug|Any CPU
		{F80ACE4E-78BF-4CD4-8F72-E681793857B4}.Release|Any CPU.ActiveCfg = Release|Any CPU
		{F80ACE4E-78BF-4CD4-8F72-E681793857B4}.Release|Any CPU.Build.0 = Release|Any CPU
	EndGlobalSection
	GlobalSection(SolutionProperties) = preSolution
		HideSolutionNode = FALSE
	EndGlobalSection
	GlobalSection(ExtensibilityGlobals) = postSolution
		SolutionGuid = {01FE7901-6283-4111-8B9A-D028BF4C94A3}
	EndGlobalSection
EndGlobal
